
Microsoft Visual Studio Solution File, Format Version 12.00
# Visual Studio Version 16
VisualStudioVersion = 16.0.29926.136
MinimumVisualStudioVersion = 10.0.40219.1
Project("{9A19103F-16F7-4668-BE54-9A1E7A4F7556}") = "CalendarTest", "CalendarTest\CalendarTest.csproj", "{5A7E085F-FC16-404D-BAFA-F2EECC652FD3}"
EndProject
Project("{9A19103F-16F7-4668-BE54-9A1E7A4F7556}") = "Spencen.Common.Calendar", "Spencen.Common.Calendar\Spencen.Common.Calendar.csproj", "{449B97FC-4230-46F2-BB11-1472A34148C8}"
EndProject
Project("{9A19103F-16F7-4668-BE54-9A1E7A4F7556}") = "Spencen.Common.Calendar.Test", "Spencen.Common.Calendar.Test\Spencen.Common.Calendar.Test.csproj", "{65D0D84C-3940-4442-B64B-7E77B5D0F004}"
EndProject
Global
	GlobalSection(SolutionConfigurationPlatforms) = preSolution
		Debug|Any CPU = Debug|Any CPU
		Release|Any CPU = Release|Any CPU
	EndGlobalSection
	GlobalSection(ProjectConfigurationPlatforms) = postSolution
		{5A7E085F-FC16-404D-BAFA-F2EECC652FD3}.Debug|Any CPU.ActiveCfg = Debug|Any CPU
		{5A7E085F-FC16-404D-BAFA-F2EECC652FD3}.Debug|Any CPU.Build.0 = Debug|Any CPU
		{5A7E085F-FC16-404D-BAFA-F2EECC652FD3}.Release|Any CPU.ActiveCfg = Release|Any CPU
		{5A7E085F-FC16-404D-BAFA-F2EECC652FD3}.Release|Any CPU.Build.0 = Release|Any CPU
		{449B97FC-4230-46F2-BB11-1472A34148C8}.Debug|Any CPU.ActiveCfg = Debug|Any CPU
		{449B97FC-4230-46F2-BB11-1472A34148C8}.Debug|Any CPU.Build.0 = Debug|Any CPU
		{449B97FC-4230-46F2-BB11-1472A34148C8}.Release|Any CPU.ActiveCfg = Release|Any CPU
		{449B97FC-4230-46F2-BB11-1472A34148C8}.Release|Any CPU.Build.0 = Release|Any CPU
		{65D0D84C-3940-4442-B64B-7E77B5D0F004}.Debug|Any CPU.ActiveCfg = Debug|Any CPU
		{65D0D84C-3940-4442-B64B-7E77B5D0F004}.Debug|Any CPU.Build.0 = Debug|Any CPU
		{65D0D84C-3940-4442-B64B-7E77B5D0F004}.Release|Any CPU.ActiveCfg = Release|Any CPU
		{65D0D84C-3940-4442-B64B-7E77B5D0F004}.Release|Any CPU.Build.0 = Release|Any CPU
	EndGlobalSection
	GlobalSection(SolutionProperties) = preSolution
		HideSolutionNode = FALSE
	EndGlobalSection
	GlobalSection(ExtensibilityGlobals) = postSolution
		SolutionGuid = {2908220E-4760-4C5E-AB2B-5C2015BC829C}
	EndGlobalSection
EndGlobal
